{
  "name": "@cdl/integration-test",
  "version": "0.1.0",
  "lockfileVersion": 3,
  "requires": true,
  "packages": {
    "": {
      "name": "@cdl/integration-test",
      "version": "0.1.0",
      "devDependencies": {
        "@cdl/compiler": "file:../compiler",
        "@cdl/renderer-echarts": "file:../renderer"
      }
    },
    "../compiler": {
      "name": "@cdl/compiler",
      "version": "0.1.0",
      "dev": true,
      "license": "MIT",
      "devDependencies": {
        "@types/node": "^20.19.37",
        "ts-node": "^10.9.2",
        "typescript": "^5.9.3"
      }
    },
    "../renderer": {
      "name": "@cdl/renderer-echarts",
      "version": "0.1.0",
      "dev": true,
      "license": "MIT",
      "devDependencies": {
        "@cdl/compiler": "file:../compiler",
        "@types/node": "^20.11.0",
        "typescript": "^5.3.0"
      },
      "peerDependencies": {
        "@cdl/compiler": "^0.1.0"
      }
    },
    "node_modules/@cdl/compiler": {
      "resolved": "../compiler",
      "link": true
    },
    "node_modules/@cdl/renderer-echarts": {
      "resolved": "../renderer",
      "link": true
    }
  }
}
